
Microsoft Visual Studio Solution File, Format Version 12.00
# Visual Studio 14
VisualStudioVersion = 14.0.23107.0
MinimumVisualStudioVersion = 10.0.40219.1
Project("{FAE04EC0-301F-11D3-BF4B-00C04F79EFBC}") = "ProxyConsole", "ProxyConsole.csproj", "{DEEE6A1A-738D-4F97-B8A2-1314A148142B}"
EndProject
Project("{FAE04EC0-301F-11D3-BF4B-00C04F79EFBC}") = "Updater", "..\IProxy\Updater.csproj", "{EE99D987-E8F4-441D-908B-C7399189A617}"
EndProject
Project("{FAE04EC0-301F-11D3-BF4B-00C04F79EFBC}") = "Mentalis", "..\Mentalis\Mentalis.csproj", "{70E83E3B-5223-4D9F-9400-75B35798FC2E}"
EndProject
Global
	GlobalSection(SolutionConfigurationPlatforms) = preSolution
		Debug|Any CPU = Debug|Any CPU
		Release|Any CPU = Release|Any CPU
	EndGlobalSection
	GlobalSection(ProjectConfigurationPlatforms) = postSolution
		{DEEE6A1A-738D-4F97-B8A2-1314A148142B}.Debug|Any CPU.ActiveCfg = Debug|Any CPU
		{DEEE6A1A-738D-4F97-B8A2-1314A148142B}.Debug|Any CPU.Build.0 = Debug|Any CPU
		{DEEE6A1A-738D-4F97-B8A2-1314A148142B}.Release|Any CPU.ActiveCfg = Release|Any CPU
		{DEEE6A1A-738D-4F97-B8A2-1314A148142B}.Release|Any CPU.Build.0 = Release|Any CPU
		{EE99D987-E8F4-441D-908B-C7399189A617}.Debug|Any CPU.ActiveCfg = Debug|Any CPU
		{EE99D987-E8F4-441D-908B-C7399189A617}.Debug|Any CPU.Build.0 = Debug|Any CPU
		{EE99D987-E8F4-441D-908B-C7399189A617}.Release|Any CPU.ActiveCfg = Release|Any CPU
		{EE99D987-E8F4-441D-908B-C7399189A617}.Release|Any CPU.Build.0 = Release|Any CPU
		{70E83E3B-5223-4D9F-9400-75B35798FC2E}.Debug|Any CPU.ActiveCfg = Debug|Any CPU
		{70E83E3B-5223-4D9F-9400-75B35798FC2E}.Debug|Any CPU.Build.0 = Debug|Any CPU
		{70E83E3B-5223-4D9F-9400-75B35798FC2E}.Release|Any CPU.ActiveCfg = Release|Any CPU
		{70E83E3B-5223-4D9F-9400-75B35798FC2E}.Release|Any CPU.Build.0 = Release|Any CPU
	EndGlobalSection
	GlobalSection(SolutionProperties) = preSolution
		HideSolutionNode = FALSE
	EndGlobalSection
EndGlobal
